version = 1
revision = 1
requires-python = ">=3.12"

[[package]]
name = "chess"
version = "1.11.2"
source = { registry = "https://pypi.org/simple" }
sdist = { url = "https://files.pythonhosted.org/packages/93/09/7d04d7581ae3bb8b598017941781bceb7959dd1b13e3ebf7b6a2cd843bc9/chess-1.11.2.tar.gz", hash = "sha256:a8b43e5678fdb3000695bdaa573117ad683761e5ca38e591c4826eba6d25bb39", size = 6131385 }

[[package]]
name = "chessreview"
version = "0.1.0"
source = { virtual = "." }
dependencies = [
    { name = "chess" },
    { name = "stockfish" },
]

[package.metadata]
requires-dist = [
    { name = "chess", specifier = ">=1.11.2" },
    { name = "stockfish", specifier = ">=4.0.5" },
]

[[package]]
name = "stockfish"
version = "4.0.5"
source = { registry = "https://pypi.org/simple" }
sdist = { url = "https://files.pythonhosted.org/packages/ae/34/631d1dbcff1e97661e70de3fadc5ce0312d4c019b1a490d860e82fe1f496/stockfish-4.0.5.tar.gz", hash = "sha256:25b47a9ce78d0af4765e4c3dca67ad7813d7735eaf99d273fb7fcaf8c66698f3", size = 31049 }
wheels = [
    { url = "https://files.pythonhosted.org/packages/a1/bd/694f8c772c989369fcd718a044cd5c2a828e555dd1fc3f710d17d10dd737/stockfish-4.0.5-py3-none-any.whl", hash = "sha256:234fa50194d021b3b4dd399c0b5ac33b68e7156ebe31c9ef2c6cab370909332f", size = 23784 },
]
